// !$*UTF8*$!
{
	archiveVersion = 1;
	classes = {
	};
	objectVersion = 50;
	objects = {

/* Begin PBXBuildFile section */
		BDEF4EB7246F242D005D074F /* AppDelegate.m in Sources */ = {isa = PBXBuildFile; fileRef = BDEF4EB6246F242D005D074F /* AppDelegate.m */; };
		BDEF4EBA246F242D005D074F /* SceneDelegate.m in Sources */ = {isa = PBXBuildFile; fileRef = BDEF4EB9246F242D005D074F /* SceneDelegate.m */; };
		BDEF4EBD246F242D005D074F /* ViewController.m in Sources */ = {isa = PBXBuildFile; fileRef = BDEF4EBC246F242D005D074F /* ViewController.m */; };
		BDEF4EC0246F242D005D074F /* Main.storyboard in Resources */ = {isa = PBXBuildFile; fileRef = BDEF4EBE246F242D005D074F /* Main.storyboard */; };
		BDEF4EC2246F2430005D074F /* Assets.xcassets in Resources */ = {isa = PBXBuildFile; fileRef = BDEF4EC1246F2430005D074F /* Assets.xcassets */; };
		BDEF4EC5246F2430005D074F /* LaunchScreen.storyboard in Resources */ = {isa = PBXBuildFile; fileRef = BDEF4EC3246F2430005D074F /* LaunchScreen.storyboard */; };
		BDEF4EC8246F2430005D074F /* main.m in Sources */ = {isa = PBXBuildFile; fileRef = BDEF4EC7246F2430005D074F /* main.m */; };
/* End PBXBuildFile section */

/* Begin PBXFileReference section */
		BDEF4EB2246F242D005D074F /* GithubDemoApp.app */ = {isa = PBXFileReference; explicitFileType = wrapper.application; includeInIndex = 0; path = GithubDemoApp.app; sourceTree = BUILT_PRODUCTS_DIR; };
		BDEF4EB5246F242D005D074F /* AppDelegate.h */ = {isa = PBXFileReference; lastKnownFileType = sourcecode.c.h; path = AppDelegate.h; sourceTree = "<group>"; };
		BDEF4EB6246F242D005D074F /* AppDelegate.m */ = {isa = PBXFileReference; lastKnownFileType = sourcecode.c.objc; path = AppDelegate.m; sourceTree = "<group>"; };
		BDEF4EB8246F242D005D074F /* SceneDelegate.h */ = {isa = PBXFileReference; lastKnownFileType = sourcecode.c.h; path = SceneDelegate.h; sourceTree = "<group>"; };
		BDEF4EB9246F242D005D074F /* SceneDelegate.m */ = {isa = PBXFileReference; lastKnownFileType = sourcecode.c.objc; path = SceneDelegate.m; sourceTree = "<group>"; };
		BDEF4EBB246F242D005D074F /* ViewController.h */ = {isa = PBXFileReference; lastKnownFileType = sourcecode.c.h; path = ViewController.h; sourceTree = "<group>"; };
		BDEF4EBC246F242D005D074F /* ViewController.m */ = {isa = PBXFileReference; lastKnownFileType = sourcecode.c.objc; path = ViewController.m; sourceTree = "<group>"; };
		BDEF4EBF246F242D005D074F /* Base */ = {isa = PBXFileReference; lastKnownFileType = file.storyboard; name = Base; path = Base.lproj/Main.storyboard; sourceTree = "<group>"; };
		BDEF4EC1246F2430005D074F /* Assets.xcassets */ = {isa = PBXFileReference; lastKnownFileType = folder.assetcatalog; path = Assets.xcassets; sourceTree = "<group>"; };
		BDEF4EC4246F2430005D074F /* Base */ = {isa = PBXFileReference; lastKnownFileType = file.storyboard; name = Base; path = Base.lproj/LaunchScreen.storyboard; sourceTree = "<group>"; };
		BDEF4EC6246F2430005D074F /* Info.plist */ = {isa = PBXFileReference; lastKnownFileType = text.plist.xml; path = Info.plist; sourceTree = "<group>"; };
		BDEF4EC7246F2430005D074F /* main.m */ = {isa = PBXFileReference; lastKnownFileType = sourcecode.c.objc; path = main.m; sourceTree = "<group>"; };
/* End PBXFileReference section */

/* Begin PBXFrameworksBuildPhase section */
		BDEF4EAF246F242D005D074F /* Frameworks */ = {
			isa = PBXFrameworksBuildPhase;
			buildActionMask = 2147483647;
			files = (
			);
			runOnlyForDeploymentPostprocessing = 0;
		};
/* End PBXFrameworksBuildPhase section */

/* Begin PBXGroup section */
		BDEF4EA9246F242C005D074F = {
			isa = PBXGroup;
			children = (
				BDEF4EB4246F242D005D074F /* GithubDemoApp */,
				BDEF4EB3246F242D005D074F /* Products */,
			);
			sourceTree = "<group>";
		};
		BDEF4EB3246F242D005D074F /* Products */ = {
			isa = PBXGroup;
			children = (
				BDEF4EB2246F242D005D074F /* GithubDemoApp.app */,
			);
			name = Products;
			sourceTree = "<group>";
		};
		BDEF4EB4246F242D005D074F /* GithubDemoApp */ = {
			isa = PBXGroup;
			children = (
				BDEF4EB5246F242D005D074F /* AppDelegate.h */,
				BDEF4EB6246F242D005D074F /* AppDelegate.m */,
				BDEF4EB8246F242D005D074F /* SceneDelegate.h */,
				BDEF4EB9246F242D005D074F /* SceneDelegate.m */,
				BDEF4EBB246F242D005D074F /* ViewController.h */,
				BDEF4EBC246F242D005D074F /* ViewController.m */,
				BDEF4EBE246F242D005D074F /* Main.storyboard */,
				BDEF4EC1246F2430005D074F /* Assets.xcassets */,
				BDEF4EC3246F2430005D074F /* LaunchScreen.storyboard */,
				BDEF4EC6246F2430005D074F /* Info.plist */,
				BDEF4EC7246F2430005D074F /* main.m */,
			);
			path = GithubDemoApp;
			sourceTree = "<group>";
		};
/* End PBXGroup section */

/* Begin PBXNativeTarget section */
		BDEF4EB1246F242D005D074F /* GithubDemoApp */ = {
			isa = PBXNativeTarget;
			buildConfigurationList = BDEF4ECB246F2430005D074F /* Build configuration list for PBXNativeTarget "GithubDemoApp" */;
			buildPhases = (
				BDEF4EAE246F242D005D074F /* Sources */,
				BDEF4EAF246F242D005D074F /* Frameworks */,
				BDEF4EB0246F242D005D074F /* Resources */,
			);
			buildRules = (
			);
			dependencies = (
			);
			name = GithubDemoApp;
			productName = GithubDemoApp;
			productReference = BDEF4EB2246F242D005D074F /* GithubDemoApp.app */;
			productType = "com.apple.product-type.application";
		};
/* End PBXNativeTarget section */

/* Begin PBXProject section */
		BDEF4EAA246F242C005D074F /* Project object */ = {
			isa = PBXProject;
			attributes = {
				LastUpgradeCheck = 1140;
				ORGANIZATIONNAME = "Lambda, Inc";
				TargetAttributes = {
					BDEF4EB1246F242D005D074F = {
						CreatedOnToolsVersion = 11.4.1;
					};
				};
			};
			buildConfigurationList = BDEF4EAD246F242C005D074F /* Build configuration list for PBXProject "GithubDemoApp" */;
			compatibilityVersion = "Xcode 9.3";
			developmentRegion = en;
			hasScannedForEncodings = 0;
			knownRegions = (
				en,
				Base,
			);
			mainGroup = BDEF4EA9246F242C005D074F;
			productRefGroup = BDEF4EB3246F242D005D074F /* Products */;
			projectDirPath = "";
			projectRoot = "";
			targets = (
				BDEF4EB1246F242D005D074F /* GithubDemoApp */,
			);
		};
/* End PBXProject section */

/* Begin PBXResourcesBuildPhase section */
		BDEF4EB0246F242D005D074F /* Resources */ = {
			isa = PBXResourcesBuildPhase;
			buildActionMask = 2147483647;
			files = (
				BDEF4EC5246F2430005D074F /* LaunchScreen.storyboard in Resources */,
				BDEF4EC2246F2430005D074F /* Assets.xcassets in Resources */,
				BDEF4EC0246F242D005D074F /* Main.storyboard in Resources */,
			);
			runOnlyForDeploymentPostprocessing = 0;
		};
/* End PBXResourcesBuildPhase section */

/* Begin PBXSourcesBuildPhase section */
		BDEF4EAE246F242D005D074F /* Sources */ = {
			isa = PBXSourcesBuildPhase;
			buildActionMask = 2147483647;
			files = (
				BDEF4EBD246F242D005D074F /* ViewController.m in Sources */,
				BDEF4EB7246F242D005D074F /* AppDelegate.m in Sources */,
				BDEF4EC8246F2430005D074F /* main.m in Sources */,
				BDEF4EBA246F242D005D074F /* SceneDelegate.m in Sources */,
			);
			runOnlyForDeploymentPostprocessing = 0;
		};
/* End PBXSourcesBuildPhase section */

/* Begin PBXVariantGroup section */
		BDEF4EBE246F242D005D074F /* Main.storyboard */ = {
			isa = PBXVariantGroup;
			children = (
				BDEF4EBF246F242D005D074F /* Base */,
			);
			name = Main.storyboard;
			sourceTree = "<group>";
		};
		BDEF4EC3246F2430005D074F /* LaunchScreen.storyboard */ = {
			isa = PBXVariantGroup;
			children = (
				BDEF4EC4246F2430005D074F /* Base */,
			);
			name = LaunchScreen.storyboard;
			sourceTree = "<group>";
		};
/* End PBXVariantGroup section */

/* Begin XCBuildConfiguration section */
		BDEF4EC9246F2430005D074F /* Debug */ = {
			isa = XCBuildConfiguration;
			buildSettings = {
				ALWAYS_SEARCH_USER_PATHS = NO;
				CLANG_ANALYZER_NONNULL = YES;
				CLANG_ANALYZER_NUMBER_OBJECT_CONVERSION = YES_AGGRESSIVE;
				CLANG_CXX_LANGUAGE_STANDARD = "gnu++14";
				CLANG_CXX_LIBRARY = "libc++";
				CLANG_ENABLE_MODULES = YES;
				CLANG_ENABLE_OBJC_ARC = YES;
				CLANG_ENABLE_OBJC_WEAK = YES;
				CLANG_WARN_BLOCK_CAPTURE_AUTORELEASING = YES;
				CLANG_WARN_BOOL_CONVERSION = YES;
				CLANG_WARN_COMMA = YES;
				CLANG_WARN_CONSTANT_CONVERSION = YES;
				CLANG_WARN_DEPRECATED_OBJC_IMPLEMENTATIONS = YES;
				CLANG_WARN_DIRECT_OBJC_ISA_USAGE = YES_ERROR;
				CLANG_WARN_DOCUMENTATION_COMMENTS = YES;
				CLANG_WARN_EMPTY_BODY = YES;
				CLANG_WARN_ENUM_CONVERSION = YES;
				CLANG_WARN_INFINITE_RECURSION = YES;
				CLANG_WARN_INT_CONVERSION = YES;
				CLANG_WARN_NON_LITERAL_NULL_CONVERSION = YES;
				CLANG_WARN_OBJC_IMPLICIT_RETAIN_SELF = YES;
				CLANG_WARN_OBJC_LITERAL_CONVERSION = YES;
				CLANG_WARN_OBJC_ROOT_CLASS = YES_ERROR;
				CLANG_WARN_RANGE_LOOP_ANALYSIS = YES;
				CLANG_WARN_STRICT_PROTOTYPES = YES;
				CLANG_WARN_SUSPICIOUS_MOVE = YES;
				CLANG_WARN_UNGUARDED_AVAILABILITY = YES_AGGRESSIVE;
				CLANG_WARN_UNREACHABLE_CODE = YES;
				CLANG_WARN__DUPLICATE_METHOD_MATCH = YES;
				COPY_PHASE_STRIP = NO;
				DEBUG_INFORMATION_FORMAT = dwarf;
				ENABLE_STRICT_OBJC_MSGSEND = YES;
				ENABLE_TESTABILITY = YES;
				GCC_C_LANGUAGE_STANDARD = gnu11;
				GCC_DYNAMIC_NO_PIC = NO;
				GCC_NO_COMMON_BLOCKS = YES;
				GCC_OPTIMIZATION_LEVEL = 0;
				GCC_PREPROCESSOR_DEFINITIONS = (
					"DEBUG=1",
					"$(inherited)",
				);
				GCC_WARN_64_TO_32_BIT_CONVERSION = YES;
				GCC_WARN_ABOUT_RETURN_TYPE = YES_ERROR;
				GCC_WARN_UNDECLARED_SELECTOR = YES;
				GCC_WARN_UNINITIALIZED_AUTOS = YES_AGGRESSIVE;
				GCC_WARN_UNUSED_FUNCTION = YES;
				GCC_WARN_UNUSED_VARIABLE = YES;
				IPHONEOS_DEPLOYMENT_TARGET = 13.4;
				MTL_ENABLE_DEBUG_INFO = INCLUDE_SOURCE;
				MTL_FAST_MATH = YES;
				ONLY_ACTIVE_ARCH = YES;
				SDKROOT = iphoneos;
			};
			name = Debug;
		};
		BDEF4ECA246F2430005D074F /* Release */ = {
			isa = XCBuildConfiguration;
			buildSettings = {
				ALWAYS_SEARCH_USER_PATHS = NO;
				CLANG_ANALYZER_NONNULL = YES;
				CLANG_ANALYZER_NUMBER_OBJECT_CONVERSION = YES_AGGRESSIVE;
				CLANG_CXX_LANGUAGE_STANDARD = "gnu++14";
				CLANG_CXX_LIBRARY = "libc++";
				CLANG_ENABLE_MODULES = YES;
				CLANG_ENABLE_OBJC_ARC = YES;
				CLANG_ENABLE_OBJC_WEAK = YES;
				CLANG_WARN_BLOCK_CAPTURE_AUTORELEASING = YES;
				CLANG_WARN_BOOL_CONVERSION = YES;
				CLANG_WARN_COMMA = YES;
				CLANG_WARN_CONSTANT_CONVERSION = YES;
				CLANG_WARN_DEPRECATED_OBJC_IMPLEMENTATIONS = YES;
				CLANG_WARN_DIRECT_OBJC_ISA_USAGE = YES_ERROR;
				CLANG_WARN_DOCUMENTATION_COMMENTS = YES;
				CLANG_WARN_EMPTY_BODY = YES;
				CLANG_WARN_ENUM_CONVERSION = YES;
				CLANG_WARN_INFINITE_RECURSION = YES;
				CLANG_WARN_INT_CONVERSION = YES;
				CLANG_WARN_NON_LITERAL_NULL_CONVERSION = YES;
				CLANG_WARN_OBJC_IMPLICIT_RETAIN_SELF = YES;
				CLANG_WARN_OBJC_LITERAL_CONVERSION = YES;
				CLANG_WARN_OBJC_ROOT_CLASS = YES_ERROR;
				CLANG_WARN_RANGE_LOOP_ANALYSIS = YES;
				CLANG_WARN_STRICT_PROTOTYPES = YES;
				CLANG_WARN_SUSPICIOUS_MOVE = YES;
				CLANG_WARN_UNGUARDED_AVAILABILITY = YES_AGGRESSIVE;
				CLANG_WARN_UNREACHABLE_CODE = YES;
				CLANG_WARN__DUPLICATE_METHOD_MATCH = YES;
				COPY_PHASE_STRIP = NO;
				DEBUG_INFORMATION_FORMAT = "dwarf-with-dsym";
				ENABLE_NS_ASSERTIONS = NO;
				ENABLE_STRICT_OBJC_MSGSEND = YES;
				GCC_C_LANGUAGE_STANDARD = gnu11;
				GCC_NO_COMMON_BLOCKS = YES;
				GCC_WARN_64_TO_32_BIT_CONVERSION = YES;
				GCC_WARN_ABOUT_RETURN_TYPE = YES_ERROR;
				GCC_WARN_UNDECLARED_SELECTOR = YES;
				GCC_WARN_UNINITIALIZED_AUTOS = YES_AGGRESSIVE;
				GCC_WARN_UNUSED_FUNCTION = YES;
				GCC_WARN_UNUSED_VARIABLE = YES;
				IPHONEOS_DEPLOYMENT_TARGET = 13.4;
				MTL_ENABLE_DEBUG_INFO = NO;
				MTL_FAST_MATH = YES;
				SDKROOT = iphoneos;
				VALIDATE_PRODUCT = YES;
			};
			name = Release;
		};
		BDEF4ECC246F2430005D074F /* Debug */ = {
			isa = XCBuildConfiguration;
			buildSettings = {
				ASSETCATALOG_COMPILER_APPICON_NAME = AppIcon;
				CODE_SIGN_STYLE = Automatic;
				INFOPLIST_FILE = GithubDemoApp/Info.plist;
				LD_RUNPATH_SEARCH_PATHS = (
					"$(inherited)",
					"@executable_path/Frameworks",
				);
				PRODUCT_BUNDLE_IDENTIFIER = com.lambdaschool.GithubDemoApp;
				PRODUCT_NAME = "$(TARGET_NAME)";
				TARGETED_DEVICE_FAMILY = "1,2";
			};
			name = Debug;
		};
		BDEF4ECD246F2430005D074F /* Release */ = {
			isa = XCBuildConfiguration;
			buildSettings = {
				ASSETCATALOG_COMPILER_APPICON_NAME = AppIcon;
				CODE_SIGN_STYLE = Automatic;
				INFOPLIST_FILE = GithubDemoApp/Info.plist;
				LD_RUNPATH_SEARCH_PATHS = (
					"$(inherited)",
					"@executable_path/Frameworks",
				);
				PRODUCT_BUNDLE_IDENTIFIER = com.lambdaschool.GithubDemoApp;
				PRODUCT_NAME = "$(TARGET_NAME)";
				TARGETED_DEVICE_FAMILY = "1,2";
			};
			name = Release;
		};
/* End XCBuildConfiguration section */

/* Begin XCConfigurationList section */
		BDEF4EAD246F242C005D074F /* Build configuration list for PBXProject "GithubDemoApp" */ = {
			isa = XCConfigurationList;
			buildConfigurations = (
				BDEF4EC9246F2430005D074F /* Debug */,
				BDEF4ECA246F2430005D074F /* Release */,
			);
			defaultConfigurationIsVisible = 0;
			defaultConfigurationName = Release;
		};
		BDEF4ECB246F2430005D074F /* Build configuration list for PBXNativeTarget "GithubDemoApp" */ = {
			isa = XCConfigurationList;
			buildConfigurations = (
				BDEF4ECC246F2430005D074F /* Debug */,
				BDEF4ECD246F2430005D074F /* Release */,
			);
			defaultConfigurationIsVisible = 0;
			defaultConfigurationName = Release;
		};
/* End XCConfigurationList section */
	};
	rootObject = BDEF4EAA246F242C005D074F /* Project object */;
}
